PODS:
  - Nimble (6.1.0)
  - Quick (1.1.0)
  - RangeSliderView (0.1.0)

DEPENDENCIES:
  - Nimble
  - Quick
  - RangeSliderView (from `../`)

EXTERNAL SOURCES:
  RangeSliderView:
    :path: "../"

SPEC CHECKSUMS:
  Nimble: c53e6903fee94041b90ded74f135820437d8bf59
  Quick: dafc587e21eed9f4cab3249b9f9015b0b7a7f71d
  RangeSliderView: 670c42eaeeeabfda9f8f0d6e5d1aa49a8c2817dd

PODFILE CHECKSUM: 7afa30248926a015590b380ec761f8987b8b5130

COCOAPODS: 1.1.1
