// !$*UTF8*$!
{
	archiveVersion = 1;
	classes = {
	};
	objectVersion = 46;
	objects = {

/* Begin PBXBuildFile section */
		9B9A92B3F9E2D3ABB20C6807 /* Pods_RangeSliderView_Tests.framework in Frameworks */ = {isa = PBXBuildFile; fileRef = AD9A33619AD27A138ADF0388 /* Pods_RangeSliderView_Tests.framework */; };
		9BC6B7376451A6B3BA56F474 /* Pods_RangeSliderView_Mac_Example.framework in Frameworks */ = {isa = PBXBuildFile; fileRef = 3DC85BE7067DE1C356A03A3E /* Pods_RangeSliderView_Mac_Example.framework */; };
		D7032F451C66633E0017FE2A /* AppDelegate.swift in Sources */ = {isa = PBXBuildFile; fileRef = D7032F441C66633E0017FE2A /* AppDelegate.swift */; };
		D7032F471C66633E0017FE2A /* ViewController.swift in Sources */ = {isa = PBXBuildFile; fileRef = D7032F461C66633E0017FE2A /* ViewController.swift */; };
		D7032F491C66633E0017FE2A /* Assets.xcassets in Resources */ = {isa = PBXBuildFile; fileRef = D7032F481C66633E0017FE2A /* Assets.xcassets */; };
		D7032F4C1C66633E0017FE2A /* Main.storyboard in Resources */ = {isa = PBXBuildFile; fileRef = D7032F4A1C66633E0017FE2A /* Main.storyboard */; };
		D7032F5C1C66CE360017FE2A /* RectUtilSpec.swift in Sources */ = {isa = PBXBuildFile; fileRef = D7032F5B1C66CE360017FE2A /* RectUtilSpec.swift */; };
		D7032F641C66DD8E0017FE2A /* BoundRangeSpec.swift in Sources */ = {isa = PBXBuildFile; fileRef = D7032F631C66DD8E0017FE2A /* BoundRangeSpec.swift */; };
		D7032F661C66DDC70017FE2A /* KnobPlacmentSpec.swift in Sources */ = {isa = PBXBuildFile; fileRef = D7032F651C66DDC70017FE2A /* KnobPlacmentSpec.swift */; };
/* End PBXBuildFile section */

/* Begin PBXContainerItemProxy section */
		D7032F5E1C66CE360017FE2A /* PBXContainerItemProxy */ = {
			isa = PBXContainerItemProxy;
			containerPortal = 607FACC81AFB9204008FA782 /* Project object */;
			proxyType = 1;
			remoteGlobalIDString = D7032F411C66633E0017FE2A;
			remoteInfo = RangeSliderView_Mac_Example;
		};
/* End PBXContainerItemProxy section */

/* Begin PBXFileReference section */
		06D4C8D329C16CC5FD55E464 /* Pods-RangeSliderView_iOS_Example.debug.xcconfig */ = {isa = PBXFileReference; includeInIndex = 1; lastKnownFileType = text.xcconfig; name = "Pods-RangeSliderView_iOS_Example.debug.xcconfig"; path = "Pods/Target Support Files/Pods-RangeSliderView_iOS_Example/Pods-RangeSliderView_iOS_Example.debug.xcconfig"; sourceTree = "<group>"; };
		0E8A38D596748DCFACFDE5D6 /* LICENSE */ = {isa = PBXFileReference; includeInIndex = 1; lastKnownFileType = text; name = LICENSE; path = ../LICENSE; sourceTree = "<group>"; };
		14A144C3A4BEBE2B76936469 /* RangeSliderView.podspec */ = {isa = PBXFileReference; includeInIndex = 1; lastKnownFileType = text; name = RangeSliderView.podspec; path = ../RangeSliderView.podspec; sourceTree = "<group>"; };
		32DC811732BE571C37AC49C7 /* Pods-RangeSliderView_Tests.debug.xcconfig */ = {isa = PBXFileReference; includeInIndex = 1; lastKnownFileType = text.xcconfig; name = "Pods-RangeSliderView_Tests.debug.xcconfig"; path = "Pods/Target Support Files/Pods-RangeSliderView_Tests/Pods-RangeSliderView_Tests.debug.xcconfig"; sourceTree = "<group>"; };
		357A2D984D9B42356F76D3FC /* Pods_RangeSliderView_iOS_Example.framework */ = {isa = PBXFileReference; explicitFileType = wrapper.framework; includeInIndex = 0; path = Pods_RangeSliderView_iOS_Example.framework; sourceTree = BUILT_PRODUCTS_DIR; };
		3DC85BE7067DE1C356A03A3E /* Pods_RangeSliderView_Mac_Example.framework */ = {isa = PBXFileReference; explicitFileType = wrapper.framework; includeInIndex = 0; path = Pods_RangeSliderView_Mac_Example.framework; sourceTree = BUILT_PRODUCTS_DIR; };
		528D27F6E30DDFE1151741A0 /* Pods-RangeSliderView_Tests.release.xcconfig */ = {isa = PBXFileReference; includeInIndex = 1; lastKnownFileType = text.xcconfig; name = "Pods-RangeSliderView_Tests.release.xcconfig"; path = "Pods/Target Support Files/Pods-RangeSliderView_Tests/Pods-RangeSliderView_Tests.release.xcconfig"; sourceTree = "<group>"; };
		80D5F2BFB1A28972A00CA0AA /* Pods-RangeSliderView_Example.release.xcconfig */ = {isa = PBXFileReference; includeInIndex = 1; lastKnownFileType = text.xcconfig; name = "Pods-RangeSliderView_Example.release.xcconfig"; path = "Pods/Target Support Files/Pods-RangeSliderView_Example/Pods-RangeSliderView_Example.release.xcconfig"; sourceTree = "<group>"; };
		A7110D7F88C0CE91DD94A9AA /* Pods_RangeSliderView_Example.framework */ = {isa = PBXFileReference; explicitFileType = wrapper.framework; includeInIndex = 0; path = Pods_RangeSliderView_Example.framework; sourceTree = BUILT_PRODUCTS_DIR; };
		AD9A33619AD27A138ADF0388 /* Pods_RangeSliderView_Tests.framework */ = {isa = PBXFileReference; explicitFileType = wrapper.framework; includeInIndex = 0; path = Pods_RangeSliderView_Tests.framework; sourceTree = BUILT_PRODUCTS_DIR; };
		C1EE21C9A42C8A4CC39BD286 /* Pods-RangeSliderView_Mac_Example.release.xcconfig */ = {isa = PBXFileReference; includeInIndex = 1; lastKnownFileType = text.xcconfig; name = "Pods-RangeSliderView_Mac_Example.release.xcconfig"; path = "Pods/Target Support Files/Pods-RangeSliderView_Mac_Example/Pods-RangeSliderView_Mac_Example.release.xcconfig"; sourceTree = "<group>"; };
		CA06BDC1E5B98E87717BC64B /* README.md */ = {isa = PBXFileReference; includeInIndex = 1; lastKnownFileType = net.daringfireball.markdown; name = README.md; path = ../README.md; sourceTree = "<group>"; };
		CD1FB05CA324CFB0E3430FC3 /* Pods-RangeSliderView_Example.debug.xcconfig */ = {isa = PBXFileReference; includeInIndex = 1; lastKnownFileType = text.xcconfig; name = "Pods-RangeSliderView_Example.debug.xcconfig"; path = "Pods/Target Support Files/Pods-RangeSliderView_Example/Pods-RangeSliderView_Example.debug.xcconfig"; sourceTree = "<group>"; };
		D5B8FD81C01602DDFE00795F /* Pods-RangeSliderView_iOS_Example.release.xcconfig */ = {isa = PBXFileReference; includeInIndex = 1; lastKnownFileType = text.xcconfig; name = "Pods-RangeSliderView_iOS_Example.release.xcconfig"; path = "Pods/Target Support Files/Pods-RangeSliderView_iOS_Example/Pods-RangeSliderView_iOS_Example.release.xcconfig"; sourceTree = "<group>"; };
		D7032F421C66633E0017FE2A /* RangeSliderView_Mac_Example.app */ = {isa = PBXFileReference; explicitFileType = wrapper.application; includeInIndex = 0; path = RangeSliderView_Mac_Example.app; sourceTree = BUILT_PRODUCTS_DIR; };
		D7032F441C66633E0017FE2A /* AppDelegate.swift */ = {isa = PBXFileReference; lastKnownFileType = sourcecode.swift; path = AppDelegate.swift; sourceTree = "<group>"; };
		D7032F461C66633E0017FE2A /* ViewController.swift */ = {isa = PBXFileReference; lastKnownFileType = sourcecode.swift; path = ViewController.swift; sourceTree = "<group>"; };
		D7032F481C66633E0017FE2A /* Assets.xcassets */ = {isa = PBXFileReference; lastKnownFileType = folder.assetcatalog; path = Assets.xcassets; sourceTree = "<group>"; };
		D7032F4B1C66633E0017FE2A /* Base */ = {isa = PBXFileReference; lastKnownFileType = file.storyboard; name = Base; path = Base.lproj/Main.storyboard; sourceTree = "<group>"; };
		D7032F4D1C66633E0017FE2A /* Info.plist */ = {isa = PBXFileReference; lastKnownFileType = text.plist.xml; path = Info.plist; sourceTree = "<group>"; };
		D7032F591C66CE360017FE2A /* RangeSliderView_Tests.xctest */ = {isa = PBXFileReference; explicitFileType = wrapper.cfbundle; includeInIndex = 0; path = RangeSliderView_Tests.xctest; sourceTree = BUILT_PRODUCTS_DIR; };
		D7032F5B1C66CE360017FE2A /* RectUtilSpec.swift */ = {isa = PBXFileReference; lastKnownFileType = sourcecode.swift; path = RectUtilSpec.swift; sourceTree = "<group>"; };
		D7032F5D1C66CE360017FE2A /* Info.plist */ = {isa = PBXFileReference; lastKnownFileType = text.plist.xml; path = Info.plist; sourceTree = "<group>"; };
		D7032F631C66DD8E0017FE2A /* BoundRangeSpec.swift */ = {isa = PBXFileReference; fileEncoding = 4; lastKnownFileType = sourcecode.swift; path = BoundRangeSpec.swift; sourceTree = "<group>"; };
		D7032F651C66DDC70017FE2A /* KnobPlacmentSpec.swift */ = {isa = PBXFileReference; fileEncoding = 4; lastKnownFileType = sourcecode.swift; path = KnobPlacmentSpec.swift; sourceTree = "<group>"; };
		D7F92248941D843F53BD42DB /* Pods-RangeSliderView_Mac_Example.debug.xcconfig */ = {isa = PBXFileReference; includeInIndex = 1; lastKnownFileType = text.xcconfig; name = "Pods-RangeSliderView_Mac_Example.debug.xcconfig"; path = "Pods/Target Support Files/Pods-RangeSliderView_Mac_Example/Pods-RangeSliderView_Mac_Example.debug.xcconfig"; sourceTree = "<group>"; };
/* End PBXFileReference section */

/* Begin PBXFrameworksBuildPhase section */
		D7032F3F1C66633E0017FE2A /* Frameworks */ = {
			isa = PBXFrameworksBuildPhase;
			buildActionMask = 2147483647;
			files = (
				9BC6B7376451A6B3BA56F474 /* Pods_RangeSliderView_Mac_Example.framework in Frameworks */,
			);
			runOnlyForDeploymentPostprocessing = 0;
		};
		D7032F561C66CE360017FE2A /* Frameworks */ = {
			isa = PBXFrameworksBuildPhase;
			buildActionMask = 2147483647;
			files = (
				9B9A92B3F9E2D3ABB20C6807 /* Pods_RangeSliderView_Tests.framework in Frameworks */,
			);
			runOnlyForDeploymentPostprocessing = 0;
		};
/* End PBXFrameworksBuildPhase section */

/* Begin PBXGroup section */
		3F9813BA3536DD5B9C43E584 /* Pods */ = {
			isa = PBXGroup;
			children = (
				CD1FB05CA324CFB0E3430FC3 /* Pods-RangeSliderView_Example.debug.xcconfig */,
				80D5F2BFB1A28972A00CA0AA /* Pods-RangeSliderView_Example.release.xcconfig */,
				32DC811732BE571C37AC49C7 /* Pods-RangeSliderView_Tests.debug.xcconfig */,
				528D27F6E30DDFE1151741A0 /* Pods-RangeSliderView_Tests.release.xcconfig */,
				D7F92248941D843F53BD42DB /* Pods-RangeSliderView_Mac_Example.debug.xcconfig */,
				C1EE21C9A42C8A4CC39BD286 /* Pods-RangeSliderView_Mac_Example.release.xcconfig */,
				06D4C8D329C16CC5FD55E464 /* Pods-RangeSliderView_iOS_Example.debug.xcconfig */,
				D5B8FD81C01602DDFE00795F /* Pods-RangeSliderView_iOS_Example.release.xcconfig */,
			);
			name = Pods;
			sourceTree = "<group>";
		};
		607FACC71AFB9204008FA782 = {
			isa = PBXGroup;
			children = (
				607FACF51AFB993E008FA782 /* Podspec Metadata */,
				D7032F431C66633E0017FE2A /* RangeSliderView_Mac_Example */,
				D7032F5A1C66CE360017FE2A /* RangeSliderView_Tests */,
				607FACD11AFB9204008FA782 /* Products */,
				3F9813BA3536DD5B9C43E584 /* Pods */,
				B7DC778C839AD68B77382CB2 /* Frameworks */,
			);
			sourceTree = "<group>";
		};
		607FACD11AFB9204008FA782 /* Products */ = {
			isa = PBXGroup;
			children = (
				D7032F421C66633E0017FE2A /* RangeSliderView_Mac_Example.app */,
				D7032F591C66CE360017FE2A /* RangeSliderView_Tests.xctest */,
			);
			name = Products;
			sourceTree = "<group>";
		};
		607FACF51AFB993E008FA782 /* Podspec Metadata */ = {
			isa = PBXGroup;
			children = (
				14A144C3A4BEBE2B76936469 /* RangeSliderView.podspec */,
				CA06BDC1E5B98E87717BC64B /* README.md */,
				0E8A38D596748DCFACFDE5D6 /* LICENSE */,
			);
			name = "Podspec Metadata";
			sourceTree = "<group>";
		};
		B7DC778C839AD68B77382CB2 /* Frameworks */ = {
			isa = PBXGroup;
			children = (
				A7110D7F88C0CE91DD94A9AA /* Pods_RangeSliderView_Example.framework */,
				AD9A33619AD27A138ADF0388 /* Pods_RangeSliderView_Tests.framework */,
				3DC85BE7067DE1C356A03A3E /* Pods_RangeSliderView_Mac_Example.framework */,
				357A2D984D9B42356F76D3FC /* Pods_RangeSliderView_iOS_Example.framework */,
			);
			name = Frameworks;
			sourceTree = "<group>";
		};
		D7032F431C66633E0017FE2A /* RangeSliderView_Mac_Example */ = {
			isa = PBXGroup;
			children = (
				D7032F441C66633E0017FE2A /* AppDelegate.swift */,
				D7032F461C66633E0017FE2A /* ViewController.swift */,
				D7032F481C66633E0017FE2A /* Assets.xcassets */,
				D7032F4A1C66633E0017FE2A /* Main.storyboard */,
				D7032F4D1C66633E0017FE2A /* Info.plist */,
			);
			path = RangeSliderView_Mac_Example;
			sourceTree = "<group>";
		};
		D7032F5A1C66CE360017FE2A /* RangeSliderView_Tests */ = {
			isa = PBXGroup;
			children = (
				D7032F5B1C66CE360017FE2A /* RectUtilSpec.swift */,
				D7032F5D1C66CE360017FE2A /* Info.plist */,
				D7032F631C66DD8E0017FE2A /* BoundRangeSpec.swift */,
				D7032F651C66DDC70017FE2A /* KnobPlacmentSpec.swift */,
			);
			path = RangeSliderView_Tests;
			sourceTree = "<group>";
		};
/* End PBXGroup section */

/* Begin PBXNativeTarget section */
		D7032F411C66633E0017FE2A /* RangeSliderView_Mac_Example */ = {
			isa = PBXNativeTarget;
			buildConfigurationList = D7032F501C66633E0017FE2A /* Build configuration list for PBXNativeTarget "RangeSliderView_Mac_Example" */;
			buildPhases = (
				BE72F528A2EE8F53669EEA17 /* Check Pods Manifest.lock */,
				D7032F3E1C66633E0017FE2A /* Sources */,
				D7032F3F1C66633E0017FE2A /* Frameworks */,
				D7032F401C66633E0017FE2A /* Resources */,
				2CD47D5A8F7913D6512ACF7F /* Embed Pods Frameworks */,
				7ECB3F8D73D9AA80C04F6332 /* Copy Pods Resources */,
			);
			buildRules = (
			);
			dependencies = (
			);
			name = RangeSliderView_Mac_Example;
			productName = RangeSliderView_Mac_Example;
			productReference = D7032F421C66633E0017FE2A /* RangeSliderView_Mac_Example.app */;
			productType = "com.apple.product-type.application";
		};
		D7032F581C66CE360017FE2A /* RangeSliderView_Tests */ = {
			isa = PBXNativeTarget;
			buildConfigurationList = D7032F601C66CE360017FE2A /* Build configuration list for PBXNativeTarget "RangeSliderView_Tests" */;
			buildPhases = (
				B68B83574550AD6DFB806779 /* Check Pods Manifest.lock */,
				D7032F551C66CE360017FE2A /* Sources */,
				D7032F561C66CE360017FE2A /* Frameworks */,
				D7032F571C66CE360017FE2A /* Resources */,
				5616FA4A0C9663EDCA3C83AD /* Embed Pods Frameworks */,
				8E14F9C74FC5665340E96915 /* Copy Pods Resources */,
			);
			buildRules = (
			);
			dependencies = (
				D7032F5F1C66CE360017FE2A /* PBXTargetDependency */,
			);
			name = RangeSliderView_Tests;
			productName = RangeSliderView_Tests;
			productReference = D7032F591C66CE360017FE2A /* RangeSliderView_Tests.xctest */;
			productType = "com.apple.product-type.bundle.unit-test";
		};
/* End PBXNativeTarget section */

/* Begin PBXProject section */
		607FACC81AFB9204008FA782 /* Project object */ = {
			isa = PBXProject;
			attributes = {
				LastSwiftUpdateCheck = 0720;
				LastUpgradeCheck = 0720;
				ORGANIZATIONNAME = CocoaPods;
				TargetAttributes = {
					D7032F411C66633E0017FE2A = {
						CreatedOnToolsVersion = 7.2;
					};
					D7032F581C66CE360017FE2A = {
						CreatedOnToolsVersion = 7.2;
						TestTargetID = D7032F411C66633E0017FE2A;
					};
				};
			};
			buildConfigurationList = 607FACCB1AFB9204008FA782 /* Build configuration list for PBXProject "RangeSliderView" */;
			compatibilityVersion = "Xcode 3.2";
			developmentRegion = English;
			hasScannedForEncodings = 0;
			knownRegions = (
				en,
				Base,
			);
			mainGroup = 607FACC71AFB9204008FA782;
			productRefGroup = 607FACD11AFB9204008FA782 /* Products */;
			projectDirPath = "";
			projectRoot = "";
			targets = (
				D7032F411C66633E0017FE2A /* RangeSliderView_Mac_Example */,
				D7032F581C66CE360017FE2A /* RangeSliderView_Tests */,
			);
		};
/* End PBXProject section */

/* Begin PBXResourcesBuildPhase section */
		D7032F401C66633E0017FE2A /* Resources */ = {
			isa = PBXResourcesBuildPhase;
			buildActionMask = 2147483647;
			files = (
				D7032F491C66633E0017FE2A /* Assets.xcassets in Resources */,
				D7032F4C1C66633E0017FE2A /* Main.storyboard in Resources */,
			);
			runOnlyForDeploymentPostprocessing = 0;
		};
		D7032F571C66CE360017FE2A /* Resources */ = {
			isa = PBXResourcesBuildPhase;
			buildActionMask = 2147483647;
			files = (
			);
			runOnlyForDeploymentPostprocessing = 0;
		};
/* End PBXResourcesBuildPhase section */

/* Begin PBXShellScriptBuildPhase section */
		2CD47D5A8F7913D6512ACF7F /* Embed Pods Frameworks */ = {
			isa = PBXShellScriptBuildPhase;
			buildActionMask = 2147483647;
			files = (
			);
			inputPaths = (
			);
			name = "Embed Pods Frameworks";
			outputPaths = (
			);
			runOnlyForDeploymentPostprocessing = 0;
			shellPath = /bin/sh;
			shellScript = "\"${SRCROOT}/Pods/Target Support Files/Pods-RangeSliderView_Mac_Example/Pods-RangeSliderView_Mac_Example-frameworks.sh\"\n";
			showEnvVarsInLog = 0;
		};
		5616FA4A0C9663EDCA3C83AD /* Embed Pods Frameworks */ = {
			isa = PBXShellScriptBuildPhase;
			buildActionMask = 2147483647;
			files = (
			);
			inputPaths = (
			);
			name = "Embed Pods Frameworks";
			outputPaths = (
			);
			runOnlyForDeploymentPostprocessing = 0;
			shellPath = /bin/sh;
			shellScript = "\"${SRCROOT}/Pods/Target Support Files/Pods-RangeSliderView_Tests/Pods-RangeSliderView_Tests-frameworks.sh\"\n";
			showEnvVarsInLog = 0;
		};
		7ECB3F8D73D9AA80C04F6332 /* Copy Pods Resources */ = {
			isa = PBXShellScriptBuildPhase;
			buildActionMask = 2147483647;
			files = (
			);
			inputPaths = (
			);
			name = "Copy Pods Resources";
			outputPaths = (
			);
			runOnlyForDeploymentPostprocessing = 0;
			shellPath = /bin/sh;
			shellScript = "\"${SRCROOT}/Pods/Target Support Files/Pods-RangeSliderView_Mac_Example/Pods-RangeSliderView_Mac_Example-resources.sh\"\n";
			showEnvVarsInLog = 0;
		};
		8E14F9C74FC5665340E96915 /* Copy Pods Resources */ = {
			isa = PBXShellScriptBuildPhase;
			buildActionMask = 2147483647;
			files = (
			);
			inputPaths = (
			);
			name = "Copy Pods Resources";
			outputPaths = (
			);
			runOnlyForDeploymentPostprocessing = 0;
			shellPath = /bin/sh;
			shellScript = "\"${SRCROOT}/Pods/Target Support Files/Pods-RangeSliderView_Tests/Pods-RangeSliderView_Tests-resources.sh\"\n";
			showEnvVarsInLog = 0;
		};
		B68B83574550AD6DFB806779 /* Check Pods Manifest.lock */ = {
			isa = PBXShellScriptBuildPhase;
			buildActionMask = 2147483647;
			files = (
			);
			inputPaths = (
			);
			name = "Check Pods Manifest.lock";
			outputPaths = (
			);
			runOnlyForDeploymentPostprocessing = 0;
			shellPath = /bin/sh;
			shellScript = "diff \"${PODS_ROOT}/../Podfile.lock\" \"${PODS_ROOT}/Manifest.lock\" > /dev/null\nif [[ $? != 0 ]] ; then\n    cat << EOM\nerror: The sandbox is not in sync with the Podfile.lock. Run 'pod install' or update your CocoaPods installation.\nEOM\n    exit 1\nfi\n";
			showEnvVarsInLog = 0;
		};
		BE72F528A2EE8F53669EEA17 /* Check Pods Manifest.lock */ = {
			isa = PBXShellScriptBuildPhase;
			buildActionMask = 2147483647;
			files = (
			);
			inputPaths = (
			);
			name = "Check Pods Manifest.lock";
			outputPaths = (
			);
			runOnlyForDeploymentPostprocessing = 0;
			shellPath = /bin/sh;
			shellScript = "diff \"${PODS_ROOT}/../Podfile.lock\" \"${PODS_ROOT}/Manifest.lock\" > /dev/null\nif [[ $? != 0 ]] ; then\n    cat << EOM\nerror: The sandbox is not in sync with the Podfile.lock. Run 'pod install' or update your CocoaPods installation.\nEOM\n    exit 1\nfi\n";
			showEnvVarsInLog = 0;
		};
/* End PBXShellScriptBuildPhase section */

/* Begin PBXSourcesBuildPhase section */
		D7032F3E1C66633E0017FE2A /* Sources */ = {
			isa = PBXSourcesBuildPhase;
			buildActionMask = 2147483647;
			files = (
				D7032F471C66633E0017FE2A /* ViewController.swift in Sources */,
				D7032F451C66633E0017FE2A /* AppDelegate.swift in Sources */,
			);
			runOnlyForDeploymentPostprocessing = 0;
		};
		D7032F551C66CE360017FE2A /* Sources */ = {
			isa = PBXSourcesBuildPhase;
			buildActionMask = 2147483647;
			files = (
				D7032F5C1C66CE360017FE2A /* RectUtilSpec.swift in Sources */,
				D7032F661C66DDC70017FE2A /* KnobPlacmentSpec.swift in Sources */,
				D7032F641C66DD8E0017FE2A /* BoundRangeSpec.swift in Sources */,
			);
			runOnlyForDeploymentPostprocessing = 0;
		};
/* End PBXSourcesBuildPhase section */

/* Begin PBXTargetDependency section */
		D7032F5F1C66CE360017FE2A /* PBXTargetDependency */ = {
			isa = PBXTargetDependency;
			target = D7032F411C66633E0017FE2A /* RangeSliderView_Mac_Example */;
			targetProxy = D7032F5E1C66CE360017FE2A /* PBXContainerItemProxy */;
		};
/* End PBXTargetDependency section */

/* Begin PBXVariantGroup section */
		D7032F4A1C66633E0017FE2A /* Main.storyboard */ = {
			isa = PBXVariantGroup;
			children = (
				D7032F4B1C66633E0017FE2A /* Base */,
			);
			name = Main.storyboard;
			sourceTree = "<group>";
		};
/* End PBXVariantGroup section */

/* Begin XCBuildConfiguration section */
		607FACED1AFB9204008FA782 /* Debug */ = {
			isa = XCBuildConfiguration;
			buildSettings = {
				ALWAYS_SEARCH_USER_PATHS = NO;
				CLANG_CXX_LANGUAGE_STANDARD = "gnu++0x";
				CLANG_CXX_LIBRARY = "libc++";
				CLANG_ENABLE_MODULES = YES;
				CLANG_ENABLE_OBJC_ARC = YES;
				CLANG_WARN_BOOL_CONVERSION = YES;
				CLANG_WARN_CONSTANT_CONVERSION = YES;
				CLANG_WARN_DIRECT_OBJC_ISA_USAGE = YES_ERROR;
				CLANG_WARN_EMPTY_BODY = YES;
				CLANG_WARN_ENUM_CONVERSION = YES;
				CLANG_WARN_INT_CONVERSION = YES;
				CLANG_WARN_OBJC_ROOT_CLASS = YES_ERROR;
				CLANG_WARN_UNREACHABLE_CODE = YES;
				CLANG_WARN__DUPLICATE_METHOD_MATCH = YES;
				"CODE_SIGN_IDENTITY[sdk=iphoneos*]" = "iPhone Developer";
				COPY_PHASE_STRIP = NO;
				DEBUG_INFORMATION_FORMAT = "dwarf-with-dsym";
				ENABLE_STRICT_OBJC_MSGSEND = YES;
				ENABLE_TESTABILITY = YES;
				GCC_C_LANGUAGE_STANDARD = gnu99;
				GCC_DYNAMIC_NO_PIC = NO;
				GCC_NO_COMMON_BLOCKS = YES;
				GCC_OPTIMIZATION_LEVEL = 0;
				GCC_PREPROCESSOR_DEFINITIONS = (
					"DEBUG=1",
					"$(inherited)",
				);
				GCC_SYMBOLS_PRIVATE_EXTERN = NO;
				GCC_WARN_64_TO_32_BIT_CONVERSION = YES;
				GCC_WARN_ABOUT_RETURN_TYPE = YES_ERROR;
				GCC_WARN_UNDECLARED_SELECTOR = YES;
				GCC_WARN_UNINITIALIZED_AUTOS = YES_AGGRESSIVE;
				GCC_WARN_UNUSED_FUNCTION = YES;
				GCC_WARN_UNUSED_VARIABLE = YES;
				IPHONEOS_DEPLOYMENT_TARGET = 8.3;
				MACOSX_DEPLOYMENT_TARGET = 10.10;
				MTL_ENABLE_DEBUG_INFO = YES;
				ONLY_ACTIVE_ARCH = YES;
				SDKROOT = macosx;
				SWIFT_OPTIMIZATION_LEVEL = "-Onone";
			};
			name = Debug;
		};
		607FACEE1AFB9204008FA782 /* Release */ = {
			isa = XCBuildConfiguration;
			buildSettings = {
				ALWAYS_SEARCH_USER_PATHS = NO;
				CLANG_CXX_LANGUAGE_STANDARD = "gnu++0x";
				CLANG_CXX_LIBRARY = "libc++";
				CLANG_ENABLE_MODULES = YES;
				CLANG_ENABLE_OBJC_ARC = YES;
				CLANG_WARN_BOOL_CONVERSION = YES;
				CLANG_WARN_CONSTANT_CONVERSION = YES;
				CLANG_WARN_DIRECT_OBJC_ISA_USAGE = YES_ERROR;
				CLANG_WARN_EMPTY_BODY = YES;
				CLANG_WARN_ENUM_CONVERSION = YES;
				CLANG_WARN_INT_CONVERSION = YES;
				CLANG_WARN_OBJC_ROOT_CLASS = YES_ERROR;
				CLANG_WARN_UNREACHABLE_CODE = YES;
				CLANG_WARN__DUPLICATE_METHOD_MATCH = YES;
				"CODE_SIGN_IDENTITY[sdk=iphoneos*]" = "iPhone Developer";
				COPY_PHASE_STRIP = NO;
				DEBUG_INFORMATION_FORMAT = "dwarf-with-dsym";
				ENABLE_NS_ASSERTIONS = NO;
				ENABLE_STRICT_OBJC_MSGSEND = YES;
				GCC_C_LANGUAGE_STANDARD = gnu99;
				GCC_NO_COMMON_BLOCKS = YES;
				GCC_WARN_64_TO_32_BIT_CONVERSION = YES;
				GCC_WARN_ABOUT_RETURN_TYPE = YES_ERROR;
				GCC_WARN_UNDECLARED_SELECTOR = YES;
				GCC_WARN_UNINITIALIZED_AUTOS = YES_AGGRESSIVE;
				GCC_WARN_UNUSED_FUNCTION = YES;
				GCC_WARN_UNUSED_VARIABLE = YES;
				IPHONEOS_DEPLOYMENT_TARGET = 8.3;
				MACOSX_DEPLOYMENT_TARGET = 10.10;
				MTL_ENABLE_DEBUG_INFO = NO;
				SDKROOT = macosx;
				VALIDATE_PRODUCT = YES;
			};
			name = Release;
		};
		D7032F4E1C66633E0017FE2A /* Debug */ = {
			isa = XCBuildConfiguration;
			baseConfigurationReference = D7F92248941D843F53BD42DB /* Pods-RangeSliderView_Mac_Example.debug.xcconfig */;
			buildSettings = {
				ARCHS = "$(ARCHS_STANDARD)";
				ASSETCATALOG_COMPILER_APPICON_NAME = AppIcon;
				CODE_SIGN_IDENTITY = "-";
				COMBINE_HIDPI_IMAGES = YES;
				DEBUG_INFORMATION_FORMAT = dwarf;
				INFOPLIST_FILE = RangeSliderView_Mac_Example/Info.plist;
				LD_RUNPATH_SEARCH_PATHS = "$(inherited) @executable_path/../Frameworks";
				MACOSX_DEPLOYMENT_TARGET = 10.11;
				PRODUCT_BUNDLE_IDENTIFIER = "nsomar.RangeSliderView-Mac-Example";
				PRODUCT_NAME = "$(TARGET_NAME)";
				SDKROOT = macosx;
			};
			name = Debug;
		};
		D7032F4F1C66633E0017FE2A /* Release */ = {
			isa = XCBuildConfiguration;
			baseConfigurationReference = C1EE21C9A42C8A4CC39BD286 /* Pods-RangeSliderView_Mac_Example.release.xcconfig */;
			buildSettings = {
				ARCHS = "$(ARCHS_STANDARD)";
				ASSETCATALOG_COMPILER_APPICON_NAME = AppIcon;
				CODE_SIGN_IDENTITY = "-";
				COMBINE_HIDPI_IMAGES = YES;
				INFOPLIST_FILE = RangeSliderView_Mac_Example/Info.plist;
				LD_RUNPATH_SEARCH_PATHS = "$(inherited) @executable_path/../Frameworks";
				MACOSX_DEPLOYMENT_TARGET = 10.11;
				PRODUCT_BUNDLE_IDENTIFIER = "nsomar.RangeSliderView-Mac-Example";
				PRODUCT_NAME = "$(TARGET_NAME)";
				SDKROOT = macosx;
			};
			name = Release;
		};
		D7032F611C66CE360017FE2A /* Debug */ = {
			isa = XCBuildConfiguration;
			baseConfigurationReference = 32DC811732BE571C37AC49C7 /* Pods-RangeSliderView_Tests.debug.xcconfig */;
			buildSettings = {
				BUNDLE_LOADER = "$(TEST_HOST)";
				CODE_SIGN_IDENTITY = "-";
				COMBINE_HIDPI_IMAGES = YES;
				DEBUG_INFORMATION_FORMAT = dwarf;
				INFOPLIST_FILE = RangeSliderView_Tests/Info.plist;
				LD_RUNPATH_SEARCH_PATHS = "$(inherited) @executable_path/../Frameworks @loader_path/../Frameworks";
				MACOSX_DEPLOYMENT_TARGET = 10.11;
				PRODUCT_BUNDLE_IDENTIFIER = "nsomar.RangeSliderView-Tests";
				PRODUCT_NAME = "$(TARGET_NAME)";
				TEST_HOST = "$(BUILT_PRODUCTS_DIR)/RangeSliderView_Mac_Example.app/Contents/MacOS/RangeSliderView_Mac_Example";
			};
			name = Debug;
		};
		D7032F621C66CE360017FE2A /* Release */ = {
			isa = XCBuildConfiguration;
			baseConfigurationReference = 528D27F6E30DDFE1151741A0 /* Pods-RangeSliderView_Tests.release.xcconfig */;
			buildSettings = {
				BUNDLE_LOADER = "$(TEST_HOST)";
				CODE_SIGN_IDENTITY = "-";
				COMBINE_HIDPI_IMAGES = YES;
				INFOPLIST_FILE = RangeSliderView_Tests/Info.plist;
				LD_RUNPATH_SEARCH_PATHS = "$(inherited) @executable_path/../Frameworks @loader_path/../Frameworks";
				MACOSX_DEPLOYMENT_TARGET = 10.11;
				PRODUCT_BUNDLE_IDENTIFIER = "nsomar.RangeSliderView-Tests";
				PRODUCT_NAME = "$(TARGET_NAME)";
				TEST_HOST = "$(BUILT_PRODUCTS_DIR)/RangeSliderView_Mac_Example.app/Contents/MacOS/RangeSliderView_Mac_Example";
			};
			name = Release;
		};
/* End XCBuildConfiguration section */

/* Begin XCConfigurationList section */
		607FACCB1AFB9204008FA782 /* Build configuration list for PBXProject "RangeSliderView" */ = {
			isa = XCConfigurationList;
			buildConfigurations = (
				607FACED1AFB9204008FA782 /* Debug */,
				607FACEE1AFB9204008FA782 /* Release */,
			);
			defaultConfigurationIsVisible = 0;
			defaultConfigurationName = Release;
		};
		D7032F501C66633E0017FE2A /* Build configuration list for PBXNativeTarget "RangeSliderView_Mac_Example" */ = {
			isa = XCConfigurationList;
			buildConfigurations = (
				D7032F4E1C66633E0017FE2A /* Debug */,
				D7032F4F1C66633E0017FE2A /* Release */,
			);
			defaultConfigurationIsVisible = 0;
			defaultConfigurationName = Release;
		};
		D7032F601C66CE360017FE2A /* Build configuration list for PBXNativeTarget "RangeSliderView_Tests" */ = {
			isa = XCConfigurationList;
			buildConfigurations = (
				D7032F611C66CE360017FE2A /* Debug */,
				D7032F621C66CE360017FE2A /* Release */,
			);
			defaultConfigurationIsVisible = 0;
			defaultConfigurationName = Release;
		};
/* End XCConfigurationList section */
	};
	rootObject = 607FACC81AFB9204008FA782 /* Project object */;
}
